
Microsoft Visual Studio Solution File, Format Version 12.00
# Visual Studio 14
VisualStudioVersion = 14.0.24720.0
MinimumVisualStudioVersion = 10.0.40219.1
Project("{FAE04EC0-301F-11D3-BF4B-00C04F79EFBC}") = "APIProjectEX", "APIProjectEX\APIProjectEX.csproj", "{65128220-85B7-459D-BF4F-D8AB96977FFD}"
EndProject
Project("{FAE04EC0-301F-11D3-BF4B-00C04F79EFBC}") = "GarageBL", "GarageBL\GarageBL.csproj", "{95314E52-3F44-4C06-A140-E6EC655F9D8F}"
EndProject
Project("{FAE04EC0-301F-11D3-BF4B-00C04F79EFBC}") = "GarageDAL", "GarageDAL\GarageDAL.csproj", "{91513BD7-41F6-4E79-9730-94D3D143F500}"
EndProject
Project("{FAE04EC0-301F-11D3-BF4B-00C04F79EFBC}") = "GarageModels", "GarageModels\GarageModels.csproj", "{E296F76A-2682-46FF-82A2-0970F3DC445A}"
EndProject
Global
	GlobalSection(SolutionConfigurationPlatforms) = preSolution
		Debug|Any CPU = Debug|Any CPU
		Release|Any CPU = Release|Any CPU
	EndGlobalSection
	GlobalSection(ProjectConfigurationPlatforms) = postSolution
		{65128220-85B7-459D-BF4F-D8AB96977FFD}.Debug|Any CPU.ActiveCfg = Debug|Any CPU
		{65128220-85B7-459D-BF4F-D8AB96977FFD}.Debug|Any CPU.Build.0 = Debug|Any CPU
		{65128220-85B7-459D-BF4F-D8AB96977FFD}.Release|Any CPU.ActiveCfg = Release|Any CPU
		{65128220-85B7-459D-BF4F-D8AB96977FFD}.Release|Any CPU.Build.0 = Release|Any CPU
		{95314E52-3F44-4C06-A140-E6EC655F9D8F}.Debug|Any CPU.ActiveCfg = Debug|Any CPU
		{95314E52-3F44-4C06-A140-E6EC655F9D8F}.Debug|Any CPU.Build.0 = Debug|Any CPU
		{95314E52-3F44-4C06-A140-E6EC655F9D8F}.Release|Any CPU.ActiveCfg = Release|Any CPU
		{95314E52-3F44-4C06-A140-E6EC655F9D8F}.Release|Any CPU.Build.0 = Release|Any CPU
		{91513BD7-41F6-4E79-9730-94D3D143F500}.Debug|Any CPU.ActiveCfg = Debug|Any CPU
		{91513BD7-41F6-4E79-9730-94D3D143F500}.Debug|Any CPU.Build.0 = Debug|Any CPU
		{91513BD7-41F6-4E79-9730-94D3D143F500}.Release|Any CPU.ActiveCfg = Release|Any CPU
		{91513BD7-41F6-4E79-9730-94D3D143F500}.Release|Any CPU.Build.0 = Release|Any CPU
		{E296F76A-2682-46FF-82A2-0970F3DC445A}.Debug|Any CPU.ActiveCfg = Debug|Any CPU
		{E296F76A-2682-46FF-82A2-0970F3DC445A}.Debug|Any CPU.Build.0 = Debug|Any CPU
		{E296F76A-2682-46FF-82A2-0970F3DC445A}.Release|Any CPU.ActiveCfg = Release|Any CPU
		{E296F76A-2682-46FF-82A2-0970F3DC445A}.Release|Any CPU.Build.0 = Release|Any CPU
	EndGlobalSection
	GlobalSection(SolutionProperties) = preSolution
		HideSolutionNode = FALSE
	EndGlobalSection
EndGlobal
